// !$*UTF8*$!
{
	archiveVersion = 1;
	classes = {
	};
	objectVersion = 46;
	objects = {

/* Begin PBXBuildFile section */
		A01BCE7D1EBFF70900050FAA /* terrainSurfaceArgs.snip in Resources */ = {isa = PBXBuildFile; fileRef = A01BCE7C1EBFF70900050FAA /* terrainSurfaceArgs.snip */; };
		A01BCE7E1EBFF70900050FAA /* terrainSurfaceArgs.snip in Resources */ = {isa = PBXBuildFile; fileRef = A01BCE7C1EBFF70900050FAA /* terrainSurfaceArgs.snip */; };
		A01BCE7F1EBFF70900050FAA /* terrainSurfaceArgs.snip in Resources */ = {isa = PBXBuildFile; fileRef = A01BCE7C1EBFF70900050FAA /* terrainSurfaceArgs.snip */; };
		A0CDA0901EBD6BDE00F71858 /* AppDelegate.swift in Sources */ = {isa = PBXBuildFile; fileRef = A0CDA08F1EBD6BDE00F71858 /* AppDelegate.swift */; };
		A0CDA0921EBD6BDE00F71858 /* GameViewController.swift in Sources */ = {isa = PBXBuildFile; fileRef = A0CDA0911EBD6BDE00F71858 /* GameViewController.swift */; };
		A0CDA0951EBD6BDE00F71858 /* Main.storyboard in Resources */ = {isa = PBXBuildFile; fileRef = A0CDA0931EBD6BDE00F71858 /* Main.storyboard */; };
		A0CDA0981EBD6BDE00F71858 /* LaunchScreen.storyboard in Resources */ = {isa = PBXBuildFile; fileRef = A0CDA0961EBD6BDE00F71858 /* LaunchScreen.storyboard */; };
		A0CDA09D1EBD6BDE00F71858 /* TerrainShader.app in Embed Watch Content */ = {isa = PBXBuildFile; fileRef = A0CDA09C1EBD6BDE00F71858 /* TerrainShader.app */; };
		A0CDA0A31EBD6BDE00F71858 /* Interface.storyboard in Resources */ = {isa = PBXBuildFile; fileRef = A0CDA0A11EBD6BDE00F71858 /* Interface.storyboard */; };
		A0CDA0AA1EBD6BDE00F71858 /* TerrainShader Extension.appex in Embed App Extensions */ = {isa = PBXBuildFile; fileRef = A0CDA0A91EBD6BDE00F71858 /* TerrainShader Extension.appex */; settings = {ATTRIBUTES = (RemoveHeadersOnCopy, ); }; };
		A0CDA0AF1EBD6BDE00F71858 /* InterfaceController.swift in Sources */ = {isa = PBXBuildFile; fileRef = A0CDA0AE1EBD6BDE00F71858 /* InterfaceController.swift */; };
		A0CDA0B11EBD6BDE00F71858 /* ExtensionDelegate.swift in Sources */ = {isa = PBXBuildFile; fileRef = A0CDA0B01EBD6BDE00F71858 /* ExtensionDelegate.swift */; };
		A0CDA0BA1EBD6BDE00F71858 /* AppDelegate.swift in Sources */ = {isa = PBXBuildFile; fileRef = A0CDA0B91EBD6BDE00F71858 /* AppDelegate.swift */; };
		A0CDA0BC1EBD6BDE00F71858 /* GameViewController.swift in Sources */ = {isa = PBXBuildFile; fileRef = A0CDA0BB1EBD6BDE00F71858 /* GameViewController.swift */; };
		A0CDA0BF1EBD6BDE00F71858 /* Main.storyboard in Resources */ = {isa = PBXBuildFile; fileRef = A0CDA0BD1EBD6BDE00F71858 /* Main.storyboard */; };
		A0CDA0C81EBD6BDE00F71858 /* AppDelegate.swift in Sources */ = {isa = PBXBuildFile; fileRef = A0CDA0C71EBD6BDE00F71858 /* AppDelegate.swift */; };
		A0CDA0CA1EBD6BDE00F71858 /* GameViewController.swift in Sources */ = {isa = PBXBuildFile; fileRef = A0CDA0C91EBD6BDE00F71858 /* GameViewController.swift */; };
		A0CDA0CD1EBD6BDE00F71858 /* Main.storyboard in Resources */ = {isa = PBXBuildFile; fileRef = A0CDA0CB1EBD6BDE00F71858 /* Main.storyboard */; };
		A0CDA0DA1EBD6BDE00F71858 /* Assets.xcassets in Resources */ = {isa = PBXBuildFile; fileRef = A0CDA0871EBD6BDE00F71858 /* Assets.xcassets */; };
		A0CDA0DB1EBD6BDE00F71858 /* Assets.xcassets in Resources */ = {isa = PBXBuildFile; fileRef = A0CDA0871EBD6BDE00F71858 /* Assets.xcassets */; };
		A0CDA0DC1EBD6BDE00F71858 /* Assets.xcassets in Resources */ = {isa = PBXBuildFile; fileRef = A0CDA0871EBD6BDE00F71858 /* Assets.xcassets */; };
		A0CDA0DD1EBD6BDE00F71858 /* Assets.xcassets in Resources */ = {isa = PBXBuildFile; fileRef = A0CDA0871EBD6BDE00F71858 /* Assets.xcassets */; };
		A0CDA0F51EBD783200F71858 /* Compute.metal in Sources */ = {isa = PBXBuildFile; fileRef = A0CDA0F21EBD783200F71858 /* Compute.metal */; };
		A0CDA0F61EBD783200F71858 /* Compute.metal in Sources */ = {isa = PBXBuildFile; fileRef = A0CDA0F21EBD783200F71858 /* Compute.metal */; };
		A0CDA0F71EBD783200F71858 /* Compute.metal in Sources */ = {isa = PBXBuildFile; fileRef = A0CDA0F21EBD783200F71858 /* Compute.metal */; };
		A0CDA0F81EBD783200F71858 /* heightmap.shader in Resources */ = {isa = PBXBuildFile; fileRef = A0CDA0F31EBD783200F71858 /* heightmap.shader */; };
		A0CDA0F91EBD783200F71858 /* heightmap.shader in Resources */ = {isa = PBXBuildFile; fileRef = A0CDA0F31EBD783200F71858 /* heightmap.shader */; };
		A0CDA0FA1EBD783200F71858 /* heightmap.shader in Resources */ = {isa = PBXBuildFile; fileRef = A0CDA0F31EBD783200F71858 /* heightmap.shader */; };
		A0CDA0FB1EBD783200F71858 /* toon.shader in Resources */ = {isa = PBXBuildFile; fileRef = A0CDA0F41EBD783200F71858 /* toon.shader */; };
		A0CDA0FC1EBD783200F71858 /* toon.shader in Resources */ = {isa = PBXBuildFile; fileRef = A0CDA0F41EBD783200F71858 /* toon.shader */; };
		A0CDA0FD1EBD783200F71858 /* toon.shader in Resources */ = {isa = PBXBuildFile; fileRef = A0CDA0F41EBD783200F71858 /* toon.shader */; };
		A0CDA1001EBD78E800F71858 /* TerrestrialScene.swift in Sources */ = {isa = PBXBuildFile; fileRef = A0CDA0FF1EBD78E800F71858 /* TerrestrialScene.swift */; };
		A0CDA1011EBD78E800F71858 /* TerrestrialScene.swift in Sources */ = {isa = PBXBuildFile; fileRef = A0CDA0FF1EBD78E800F71858 /* TerrestrialScene.swift */; };
		A0CDA1021EBD78E800F71858 /* TerrestrialScene.swift in Sources */ = {isa = PBXBuildFile; fileRef = A0CDA0FF1EBD78E800F71858 /* TerrestrialScene.swift */; };
		A0CDA1071EBD870600F71858 /* Mesh.swift in Sources */ = {isa = PBXBuildFile; fileRef = A0CDA1041EBD870600F71858 /* Mesh.swift */; };
		A0CDA1081EBD870600F71858 /* Mesh.swift in Sources */ = {isa = PBXBuildFile; fileRef = A0CDA1041EBD870600F71858 /* Mesh.swift */; };
		A0CDA1091EBD870600F71858 /* Mesh.swift in Sources */ = {isa = PBXBuildFile; fileRef = A0CDA1041EBD870600F71858 /* Mesh.swift */; };
		A0CDA10A1EBD870600F71858 /* MeshProcessor.swift in Sources */ = {isa = PBXBuildFile; fileRef = A0CDA1051EBD870600F71858 /* MeshProcessor.swift */; };
		A0CDA10B1EBD870600F71858 /* MeshProcessor.swift in Sources */ = {isa = PBXBuildFile; fileRef = A0CDA1051EBD870600F71858 /* MeshProcessor.swift */; };
		A0CDA10C1EBD870600F71858 /* MeshProcessor.swift in Sources */ = {isa = PBXBuildFile; fileRef = A0CDA1051EBD870600F71858 /* MeshProcessor.swift */; };
		A0CDA1111EBD8E0D00F71858 /* Types.swift in Sources */ = {isa = PBXBuildFile; fileRef = A0CDA1101EBD8E0D00F71858 /* Types.swift */; };
		A0CDA1121EBD8E0D00F71858 /* Types.swift in Sources */ = {isa = PBXBuildFile; fileRef = A0CDA1101EBD8E0D00F71858 /* Types.swift */; };
		A0CDA1131EBD8E0D00F71858 /* Types.swift in Sources */ = {isa = PBXBuildFile; fileRef = A0CDA1101EBD8E0D00F71858 /* Types.swift */; };
		A0CDA1161EBD8FCF00F71858 /* TerrainGenerator.swift in Sources */ = {isa = PBXBuildFile; fileRef = A0CDA1151EBD8FCF00F71858 /* TerrainGenerator.swift */; };
		A0CDA1171EBD8FCF00F71858 /* TerrainGenerator.swift in Sources */ = {isa = PBXBuildFile; fileRef = A0CDA1151EBD8FCF00F71858 /* TerrainGenerator.swift */; };
		A0CDA1181EBD8FCF00F71858 /* TerrainGenerator.swift in Sources */ = {isa = PBXBuildFile; fileRef = A0CDA1151EBD8FCF00F71858 /* TerrainGenerator.swift */; };
		A0CDA1231EBD943D00F71858 /* Basis.swift in Sources */ = {isa = PBXBuildFile; fileRef = A0CDA11B1EBD943D00F71858 /* Basis.swift */; };
		A0CDA1241EBD943D00F71858 /* Basis.swift in Sources */ = {isa = PBXBuildFile; fileRef = A0CDA11B1EBD943D00F71858 /* Basis.swift */; };
		A0CDA1251EBD943D00F71858 /* Basis.swift in Sources */ = {isa = PBXBuildFile; fileRef = A0CDA11B1EBD943D00F71858 /* Basis.swift */; };
		A0CDA1261EBD943D00F71858 /* LinearAlgebra.swift in Sources */ = {isa = PBXBuildFile; fileRef = A0CDA11C1EBD943D00F71858 /* LinearAlgebra.swift */; };
		A0CDA1271EBD943D00F71858 /* LinearAlgebra.swift in Sources */ = {isa = PBXBuildFile; fileRef = A0CDA11C1EBD943D00F71858 /* LinearAlgebra.swift */; };
		A0CDA1281EBD943D00F71858 /* LinearAlgebra.swift in Sources */ = {isa = PBXBuildFile; fileRef = A0CDA11C1EBD943D00F71858 /* LinearAlgebra.swift */; };
		A0CDA1291EBD943D00F71858 /* Matrix4.swift in Sources */ = {isa = PBXBuildFile; fileRef = A0CDA11D1EBD943D00F71858 /* Matrix4.swift */; };
		A0CDA12A1EBD943D00F71858 /* Matrix4.swift in Sources */ = {isa = PBXBuildFile; fileRef = A0CDA11D1EBD943D00F71858 /* Matrix4.swift */; };
		A0CDA12B1EBD943D00F71858 /* Matrix4.swift in Sources */ = {isa = PBXBuildFile; fileRef = A0CDA11D1EBD943D00F71858 /* Matrix4.swift */; };
		A0CDA12C1EBD943D00F71858 /* Nodes.swift in Sources */ = {isa = PBXBuildFile; fileRef = A0CDA11E1EBD943D00F71858 /* Nodes.swift */; };
		A0CDA12D1EBD943D00F71858 /* Nodes.swift in Sources */ = {isa = PBXBuildFile; fileRef = A0CDA11E1EBD943D00F71858 /* Nodes.swift */; };
		A0CDA12E1EBD943D00F71858 /* Nodes.swift in Sources */ = {isa = PBXBuildFile; fileRef = A0CDA11E1EBD943D00F71858 /* Nodes.swift */; };
		A0CDA12F1EBD943D00F71858 /* Rotations.swift in Sources */ = {isa = PBXBuildFile; fileRef = A0CDA11F1EBD943D00F71858 /* Rotations.swift */; };
		A0CDA1301EBD943D00F71858 /* Rotations.swift in Sources */ = {isa = PBXBuildFile; fileRef = A0CDA11F1EBD943D00F71858 /* Rotations.swift */; };
		A0CDA1311EBD943D00F71858 /* Rotations.swift in Sources */ = {isa = PBXBuildFile; fileRef = A0CDA11F1EBD943D00F71858 /* Rotations.swift */; };
		A0CDA1321EBD943D00F71858 /* TypeAliases.swift in Sources */ = {isa = PBXBuildFile; fileRef = A0CDA1201EBD943D00F71858 /* TypeAliases.swift */; };
		A0CDA1331EBD943D00F71858 /* TypeAliases.swift in Sources */ = {isa = PBXBuildFile; fileRef = A0CDA1201EBD943D00F71858 /* TypeAliases.swift */; };
		A0CDA1341EBD943D00F71858 /* TypeAliases.swift in Sources */ = {isa = PBXBuildFile; fileRef = A0CDA1201EBD943D00F71858 /* TypeAliases.swift */; };
		A0CDA1351EBD943D00F71858 /* Vector3.swift in Sources */ = {isa = PBXBuildFile; fileRef = A0CDA1211EBD943D00F71858 /* Vector3.swift */; };
		A0CDA1361EBD943D00F71858 /* Vector3.swift in Sources */ = {isa = PBXBuildFile; fileRef = A0CDA1211EBD943D00F71858 /* Vector3.swift */; };
		A0CDA1371EBD943D00F71858 /* Vector3.swift in Sources */ = {isa = PBXBuildFile; fileRef = A0CDA1211EBD943D00F71858 /* Vector3.swift */; };
		A0CDA1381EBD943D00F71858 /* Vector4.swift in Sources */ = {isa = PBXBuildFile; fileRef = A0CDA1221EBD943D00F71858 /* Vector4.swift */; };
		A0CDA1391EBD943D00F71858 /* Vector4.swift in Sources */ = {isa = PBXBuildFile; fileRef = A0CDA1221EBD943D00F71858 /* Vector4.swift */; };
		A0CDA13A1EBD943D00F71858 /* Vector4.swift in Sources */ = {isa = PBXBuildFile; fileRef = A0CDA1221EBD943D00F71858 /* Vector4.swift */; };
		A0CDA14B1EBE893600F71858 /* prog.metal in Sources */ = {isa = PBXBuildFile; fileRef = A0CDA14A1EBE893600F71858 /* prog.metal */; };
		A0CDA14C1EBE893600F71858 /* prog.metal in Sources */ = {isa = PBXBuildFile; fileRef = A0CDA14A1EBE893600F71858 /* prog.metal */; };
		A0CDA14D1EBE893600F71858 /* prog.metal in Sources */ = {isa = PBXBuildFile; fileRef = A0CDA14A1EBE893600F71858 /* prog.metal */; };
		A0CDA14F1EBEA3C200F71858 /* simplex2D.metal in Sources */ = {isa = PBXBuildFile; fileRef = A0CDA14E1EBEA3C200F71858 /* simplex2D.metal */; };
		A0CDA1501EBEA3C200F71858 /* simplex2D.metal in Sources */ = {isa = PBXBuildFile; fileRef = A0CDA14E1EBEA3C200F71858 /* simplex2D.metal */; };
		A0CDA1511EBEA3C200F71858 /* simplex2D.metal in Sources */ = {isa = PBXBuildFile; fileRef = A0CDA14E1EBEA3C200F71858 /* simplex2D.metal */; };
		A0CDA1531EBEB90E00F71858 /* TerrainTexturizer.swift in Sources */ = {isa = PBXBuildFile; fileRef = A0CDA1521EBEB90E00F71858 /* TerrainTexturizer.swift */; };
		A0CDA1541EBEB90E00F71858 /* TerrainTexturizer.swift in Sources */ = {isa = PBXBuildFile; fileRef = A0CDA1521EBEB90E00F71858 /* TerrainTexturizer.swift */; };
		A0CDA1551EBEB90E00F71858 /* TerrainTexturizer.swift in Sources */ = {isa = PBXBuildFile; fileRef = A0CDA1521EBEB90E00F71858 /* TerrainTexturizer.swift */; };
		A0CDA1581EBFB42A00F71858 /* ShaderGenerator.swift in Sources */ = {isa = PBXBuildFile; fileRef = A0CDA1571EBFB42A00F71858 /* ShaderGenerator.swift */; };
		A0CDA1591EBFB42A00F71858 /* ShaderGenerator.swift in Sources */ = {isa = PBXBuildFile; fileRef = A0CDA1571EBFB42A00F71858 /* ShaderGenerator.swift */; };
		A0CDA15A1EBFB42A00F71858 /* ShaderGenerator.swift in Sources */ = {isa = PBXBuildFile; fileRef = A0CDA1571EBFB42A00F71858 /* ShaderGenerator.swift */; };
		A0CDA15C1EBFC54A00F71858 /* simplex2D.snip in Resources */ = {isa = PBXBuildFile; fileRef = A0CDA15B1EBFC54A00F71858 /* simplex2D.snip */; };
		A0CDA15D1EBFC54A00F71858 /* simplex2D.snip in Resources */ = {isa = PBXBuildFile; fileRef = A0CDA15B1EBFC54A00F71858 /* simplex2D.snip */; };
		A0CDA15E1EBFC54A00F71858 /* simplex2D.snip in Resources */ = {isa = PBXBuildFile; fileRef = A0CDA15B1EBFC54A00F71858 /* simplex2D.snip */; };
		A0CDA1631EBFC7B000F71858 /* terrainSurfaceBody.snip in Resources */ = {isa = PBXBuildFile; fileRef = A0CDA1621EBFC7B000F71858 /* terrainSurfaceBody.snip */; };
		A0CDA1641EBFC7B000F71858 /* terrainSurfaceBody.snip in Resources */ = {isa = PBXBuildFile; fileRef = A0CDA1621EBFC7B000F71858 /* terrainSurfaceBody.snip */; };
		A0CDA1651EBFC7B000F71858 /* terrainSurfaceBody.snip in Resources */ = {isa = PBXBuildFile; fileRef = A0CDA1621EBFC7B000F71858 /* terrainSurfaceBody.snip */; };
		A0EF6AE81EC020090002E041 /* terrainLightBody.snip in Resources */ = {isa = PBXBuildFile; fileRef = A0EF6AE71EC020090002E041 /* terrainLightBody.snip */; };
		A0EF6AE91EC020090002E041 /* terrainLightBody.snip in Resources */ = {isa = PBXBuildFile; fileRef = A0EF6AE71EC020090002E041 /* terrainLightBody.snip */; };
		A0EF6AEA1EC020090002E041 /* terrainLightBody.snip in Resources */ = {isa = PBXBuildFile; fileRef = A0EF6AE71EC020090002E041 /* terrainLightBody.snip */; };
		A0EF6AEC1EC02DCE0002E041 /* CustomCamera.swift in Sources */ = {isa = PBXBuildFile; fileRef = A0EF6AEB1EC02DCE0002E041 /* CustomCamera.swift */; };
		A0EF6AED1EC02DCE0002E041 /* CustomCamera.swift in Sources */ = {isa = PBXBuildFile; fileRef = A0EF6AEB1EC02DCE0002E041 /* CustomCamera.swift */; };
		A0EF6AEE1EC02DCE0002E041 /* CustomCamera.swift in Sources */ = {isa = PBXBuildFile; fileRef = A0EF6AEB1EC02DCE0002E041 /* CustomCamera.swift */; };
/* End PBXBuildFile section */

/* Begin PBXContainerItemProxy section */
		A0CDA09E1EBD6BDE00F71858 /* PBXContainerItemProxy */ = {
			isa = PBXContainerItemProxy;
			containerPortal = A0CDA07F1EBD6BDE00F71858 /* Project object */;
			proxyType = 1;
			remoteGlobalIDString = A0CDA09B1EBD6BDE00F71858;
			remoteInfo = "watchOS App";
		};
		A0CDA0AB1EBD6BDE00F71858 /* PBXContainerItemProxy */ = {
			isa = PBXContainerItemProxy;
			containerPortal = A0CDA07F1EBD6BDE00F71858 /* Project object */;
			proxyType = 1;
			remoteGlobalIDString = A0CDA0A81EBD6BDE00F71858;
			remoteInfo = "watchOS Extension";
		};
/* End PBXContainerItemProxy section */

/* Begin PBXCopyFilesBuildPhase section */
		A0CDA0E31EBD6BDE00F71858 /* Embed App Extensions */ = {
			isa = PBXCopyFilesBuildPhase;
			buildActionMask = 2147483647;
			dstPath = "";
			dstSubfolderSpec = 13;
			files = (
				A0CDA0AA1EBD6BDE00F71858 /* TerrainShader Extension.appex in Embed App Extensions */,
			);
			name = "Embed App Extensions";
			runOnlyForDeploymentPostprocessing = 0;
		};
		A0CDA0E71EBD6BDE00F71858 /* Embed Watch Content */ = {
			isa = PBXCopyFilesBuildPhase;
			buildActionMask = 2147483647;
			dstPath = "$(CONTENTS_FOLDER_PATH)/Watch";
			dstSubfolderSpec = 16;
			files = (
				A0CDA09D1EBD6BDE00F71858 /* TerrainShader.app in Embed Watch Content */,
			);
			name = "Embed Watch Content";
			runOnlyForDeploymentPostprocessing = 0;
		};
/* End PBXCopyFilesBuildPhase section */

/* Begin PBXFileReference section */
		A01BCE7C1EBFF70900050FAA /* terrainSurfaceArgs.snip */ = {isa = PBXFileReference; fileEncoding = 4; lastKnownFileType = text; path = terrainSurfaceArgs.snip; sourceTree = "<group>"; xcLanguageSpecificationIdentifier = xcode.lang.metal; };
		A0CDA0871EBD6BDE00F71858 /* Assets.xcassets */ = {isa = PBXFileReference; lastKnownFileType = folder.assetcatalog; path = Assets.xcassets; sourceTree = "<group>"; };
		A0CDA08C1EBD6BDE00F71858 /* TerrainShader.app */ = {isa = PBXFileReference; explicitFileType = wrapper.application; includeInIndex = 0; path = TerrainShader.app; sourceTree = BUILT_PRODUCTS_DIR; };
		A0CDA08F1EBD6BDE00F71858 /* AppDelegate.swift */ = {isa = PBXFileReference; lastKnownFileType = sourcecode.swift; path = AppDelegate.swift; sourceTree = "<group>"; };
		A0CDA0911EBD6BDE00F71858 /* GameViewController.swift */ = {isa = PBXFileReference; lastKnownFileType = sourcecode.swift; path = GameViewController.swift; sourceTree = "<group>"; };
		A0CDA0941EBD6BDE00F71858 /* Base */ = {isa = PBXFileReference; lastKnownFileType = file.storyboard; name = Base; path = Base.lproj/Main.storyboard; sourceTree = "<group>"; };
		A0CDA0971EBD6BDE00F71858 /* Base */ = {isa = PBXFileReference; lastKnownFileType = file.storyboard; name = Base; path = Base.lproj/LaunchScreen.storyboard; sourceTree = "<group>"; };
		A0CDA0991EBD6BDE00F71858 /* Info.plist */ = {isa = PBXFileReference; lastKnownFileType = text.plist.xml; path = Info.plist; sourceTree = "<group>"; };
		A0CDA09C1EBD6BDE00F71858 /* TerrainShader.app */ = {isa = PBXFileReference; explicitFileType = wrapper.application; includeInIndex = 0; path = TerrainShader.app; sourceTree = BUILT_PRODUCTS_DIR; };
		A0CDA0A21EBD6BDE00F71858 /* Base */ = {isa = PBXFileReference; lastKnownFileType = file.storyboard; name = Base; path = Base.lproj/Interface.storyboard; sourceTree = "<group>"; };
		A0CDA0A41EBD6BDE00F71858 /* Info.plist */ = {isa = PBXFileReference; lastKnownFileType = text.plist.xml; path = Info.plist; sourceTree = "<group>"; };
		A0CDA0A91EBD6BDE00F71858 /* TerrainShader Extension.appex */ = {isa = PBXFileReference; explicitFileType = "wrapper.app-extension"; includeInIndex = 0; path = "TerrainShader Extension.appex"; sourceTree = BUILT_PRODUCTS_DIR; };
		A0CDA0AE1EBD6BDE00F71858 /* InterfaceController.swift */ = {isa = PBXFileReference; lastKnownFileType = sourcecode.swift; path = InterfaceController.swift; sourceTree = "<group>"; };
		A0CDA0B01EBD6BDE00F71858 /* ExtensionDelegate.swift */ = {isa = PBXFileReference; lastKnownFileType = sourcecode.swift; path = ExtensionDelegate.swift; sourceTree = "<group>"; };
		A0CDA0B21EBD6BDE00F71858 /* Info.plist */ = {isa = PBXFileReference; lastKnownFileType = text.plist.xml; path = Info.plist; sourceTree = "<group>"; };
		A0CDA0B71EBD6BDE00F71858 /* TerrainShader.app */ = {isa = PBXFileReference; explicitFileType = wrapper.application; includeInIndex = 0; path = TerrainShader.app; sourceTree = BUILT_PRODUCTS_DIR; };
		A0CDA0B91EBD6BDE00F71858 /* AppDelegate.swift */ = {isa = PBXFileReference; lastKnownFileType = sourcecode.swift; path = AppDelegate.swift; sourceTree = "<group>"; };
		A0CDA0BB1EBD6BDE00F71858 /* GameViewController.swift */ = {isa = PBXFileReference; lastKnownFileType = sourcecode.swift; path = GameViewController.swift; sourceTree = "<group>"; };
		A0CDA0BE1EBD6BDE00F71858 /* Base */ = {isa = PBXFileReference; lastKnownFileType = file.storyboard; name = Base; path = Base.lproj/Main.storyboard; sourceTree = "<group>"; };
		A0CDA0C01EBD6BDE00F71858 /* Info.plist */ = {isa = PBXFileReference; lastKnownFileType = text.plist.xml; path = Info.plist; sourceTree = "<group>"; };
		A0CDA0C51EBD6BDE00F71858 /* TerrainShader.app */ = {isa = PBXFileReference; explicitFileType = wrapper.application; includeInIndex = 0; path = TerrainShader.app; sourceTree = BUILT_PRODUCTS_DIR; };
		A0CDA0C71EBD6BDE00F71858 /* AppDelegate.swift */ = {isa = PBXFileReference; lastKnownFileType = sourcecode.swift; path = AppDelegate.swift; sourceTree = "<group>"; };
		A0CDA0C91EBD6BDE00F71858 /* GameViewController.swift */ = {isa = PBXFileReference; lastKnownFileType = sourcecode.swift; path = GameViewController.swift; sourceTree = "<group>"; };
		A0CDA0CC1EBD6BDE00F71858 /* Base */ = {isa = PBXFileReference; lastKnownFileType = file.storyboard; name = Base; path = Base.lproj/Main.storyboard; sourceTree = "<group>"; };
		A0CDA0CE1EBD6BDE00F71858 /* Info.plist */ = {isa = PBXFileReference; lastKnownFileType = text.plist.xml; path = Info.plist; sourceTree = "<group>"; };
		A0CDA0F21EBD783200F71858 /* Compute.metal */ = {isa = PBXFileReference; fileEncoding = 4; lastKnownFileType = sourcecode.metal; path = Compute.metal; sourceTree = "<group>"; };
		A0CDA0F31EBD783200F71858 /* heightmap.shader */ = {isa = PBXFileReference; fileEncoding = 4; lastKnownFileType = text; path = heightmap.shader; sourceTree = "<group>"; };
		A0CDA0F41EBD783200F71858 /* toon.shader */ = {isa = PBXFileReference; fileEncoding = 4; lastKnownFileType = text; path = toon.shader; sourceTree = "<group>"; };
		A0CDA0FF1EBD78E800F71858 /* TerrestrialScene.swift */ = {isa = PBXFileReference; fileEncoding = 4; lastKnownFileType = sourcecode.swift; path = TerrestrialScene.swift; sourceTree = "<group>"; };
		A0CDA1041EBD870600F71858 /* Mesh.swift */ = {isa = PBXFileReference; fileEncoding = 4; lastKnownFileType = sourcecode.swift; path = Mesh.swift; sourceTree = "<group>"; };
		A0CDA1051EBD870600F71858 /* MeshProcessor.swift */ = {isa = PBXFileReference; fileEncoding = 4; lastKnownFileType = sourcecode.swift; path = MeshProcessor.swift; sourceTree = "<group>"; };
		A0CDA1101EBD8E0D00F71858 /* Types.swift */ = {isa = PBXFileReference; fileEncoding = 4; lastKnownFileType = sourcecode.swift; path = Types.swift; sourceTree = "<group>"; };
		A0CDA1151EBD8FCF00F71858 /* TerrainGenerator.swift */ = {isa = PBXFileReference; fileEncoding = 4; lastKnownFileType = sourcecode.swift; path = TerrainGenerator.swift; sourceTree = "<group>"; };
		A0CDA11B1EBD943D00F71858 /* Basis.swift */ = {isa = PBXFileReference; fileEncoding = 4; lastKnownFileType = sourcecode.swift; path = Basis.swift; sourceTree = "<group>"; };
		A0CDA11C1EBD943D00F71858 /* LinearAlgebra.swift */ = {isa = PBXFileReference; fileEncoding = 4; lastKnownFileType = sourcecode.swift; path = LinearAlgebra.swift; sourceTree = "<group>"; };
		A0CDA11D1EBD943D00F71858 /* Matrix4.swift */ = {isa = PBXFileReference; fileEncoding = 4; lastKnownFileType = sourcecode.swift; path = Matrix4.swift; sourceTree = "<group>"; };
		A0CDA11E1EBD943D00F71858 /* Nodes.swift */ = {isa = PBXFileReference; fileEncoding = 4; lastKnownFileType = sourcecode.swift; path = Nodes.swift; sourceTree = "<group>"; };
		A0CDA11F1EBD943D00F71858 /* Rotations.swift */ = {isa = PBXFileReference; fileEncoding = 4; lastKnownFileType = sourcecode.swift; path = Rotations.swift; sourceTree = "<group>"; };
		A0CDA1201EBD943D00F71858 /* TypeAliases.swift */ = {isa = PBXFileReference; fileEncoding = 4; lastKnownFileType = sourcecode.swift; path = TypeAliases.swift; sourceTree = "<group>"; };
		A0CDA1211EBD943D00F71858 /* Vector3.swift */ = {isa = PBXFileReference; fileEncoding = 4; lastKnownFileType = sourcecode.swift; path = Vector3.swift; sourceTree = "<group>"; };
		A0CDA1221EBD943D00F71858 /* Vector4.swift */ = {isa = PBXFileReference; fileEncoding = 4; lastKnownFileType = sourcecode.swift; path = Vector4.swift; sourceTree = "<group>"; };
		A0CDA14A1EBE893600F71858 /* prog.metal */ = {isa = PBXFileReference; fileEncoding = 4; lastKnownFileType = sourcecode.metal; path = prog.metal; sourceTree = "<group>"; };
		A0CDA14E1EBEA3C200F71858 /* simplex2D.metal */ = {isa = PBXFileReference; fileEncoding = 4; lastKnownFileType = sourcecode.metal; path = simplex2D.metal; sourceTree = "<group>"; };
		A0CDA1521EBEB90E00F71858 /* TerrainTexturizer.swift */ = {isa = PBXFileReference; fileEncoding = 4; lastKnownFileType = sourcecode.swift; path = TerrainTexturizer.swift; sourceTree = "<group>"; };
		A0CDA1571EBFB42A00F71858 /* ShaderGenerator.swift */ = {isa = PBXFileReference; fileEncoding = 4; lastKnownFileType = sourcecode.swift; path = ShaderGenerator.swift; sourceTree = "<group>"; };
		A0CDA15B1EBFC54A00F71858 /* simplex2D.snip */ = {isa = PBXFileReference; fileEncoding = 4; lastKnownFileType = text; path = simplex2D.snip; sourceTree = "<group>"; xcLanguageSpecificationIdentifier = xcode.lang.metal; };
		A0CDA1621EBFC7B000F71858 /* terrainSurfaceBody.snip */ = {isa = PBXFileReference; fileEncoding = 4; lastKnownFileType = text; path = terrainSurfaceBody.snip; sourceTree = "<group>"; xcLanguageSpecificationIdentifier = xcode.lang.metal; };
		A0CDA1661EBFEC3D00F71858 /* commonprofile.metal */ = {isa = PBXFileReference; lastKnownFileType = sourcecode.metal; path = commonprofile.metal; sourceTree = "<group>"; };
		A0EF6AE71EC020090002E041 /* terrainLightBody.snip */ = {isa = PBXFileReference; fileEncoding = 4; lastKnownFileType = text; path = terrainLightBody.snip; sourceTree = "<group>"; };
		A0EF6AEB1EC02DCE0002E041 /* CustomCamera.swift */ = {isa = PBXFileReference; fileEncoding = 4; lastKnownFileType = sourcecode.swift; path = CustomCamera.swift; sourceTree = "<group>"; };
/* End PBXFileReference section */

/* Begin PBXFrameworksBuildPhase section */
		A0CDA0891EBD6BDE00F71858 /* Frameworks */ = {
			isa = PBXFrameworksBuildPhase;
			buildActionMask = 2147483647;
			files = (
			);
			runOnlyForDeploymentPostprocessing = 0;
		};
		A0CDA0A61EBD6BDE00F71858 /* Frameworks */ = {
			isa = PBXFrameworksBuildPhase;
			buildActionMask = 2147483647;
			files = (
			);
			runOnlyForDeploymentPostprocessing = 0;
		};
		A0CDA0B41EBD6BDE00F71858 /* Frameworks */ = {
			isa = PBXFrameworksBuildPhase;
			buildActionMask = 2147483647;
			files = (
			);
			runOnlyForDeploymentPostprocessing = 0;
		};
		A0CDA0C21EBD6BDE00F71858 /* Frameworks */ = {
			isa = PBXFrameworksBuildPhase;
			buildActionMask = 2147483647;
			files = (
			);
			runOnlyForDeploymentPostprocessing = 0;
		};
/* End PBXFrameworksBuildPhase section */

/* Begin PBXGroup section */
		A01BCE801EBFF70F00050FAA /* Arguments */ = {
			isa = PBXGroup;
			children = (
				A01BCE7C1EBFF70900050FAA /* terrainSurfaceArgs.snip */,
			);
			name = Arguments;
			sourceTree = "<group>";
		};
		A0CDA07E1EBD6BDE00F71858 = {
			isa = PBXGroup;
			children = (
				A0CDA1661EBFEC3D00F71858 /* commonprofile.metal */,
				A0CDA0831EBD6BDE00F71858 /* Shared */,
				A0CDA08E1EBD6BDE00F71858 /* iOS */,
				A0CDA0A01EBD6BDE00F71858 /* watchOS App */,
				A0CDA0AD1EBD6BDE00F71858 /* watchOS Extension */,
				A0CDA0B81EBD6BDE00F71858 /* tvOS */,
				A0CDA0C61EBD6BDE00F71858 /* macOS */,
				A0CDA08D1EBD6BDE00F71858 /* Products */,
			);
			sourceTree = "<group>";
		};
		A0CDA0831EBD6BDE00F71858 /* Shared */ = {
			isa = PBXGroup;
			children = (
				A0CDA1571EBFB42A00F71858 /* ShaderGenerator.swift */,
				A0CDA1191EBD942000F71858 /* Math */,
				A0CDA1141EBD8FBB00F71858 /* Generators */,
				A0CDA1101EBD8E0D00F71858 /* Types.swift */,
				A0CDA1031EBD86F600F71858 /* Objects */,
				A0CDA0FE1EBD78D100F71858 /* Scenes */,
				A0CDA0F11EBD781B00F71858 /* Shaders */,
				A0CDA0871EBD6BDE00F71858 /* Assets.xcassets */,
			);
			path = Shared;
			sourceTree = "<group>";
		};
		A0CDA08D1EBD6BDE00F71858 /* Products */ = {
			isa = PBXGroup;
			children = (
				A0CDA08C1EBD6BDE00F71858 /* TerrainShader.app */,
				A0CDA09C1EBD6BDE00F71858 /* TerrainShader.app */,
				A0CDA0A91EBD6BDE00F71858 /* TerrainShader Extension.appex */,
				A0CDA0B71EBD6BDE00F71858 /* TerrainShader.app */,
				A0CDA0C51EBD6BDE00F71858 /* TerrainShader.app */,
			);
			name = Products;
			sourceTree = "<group>";
		};
		A0CDA08E1EBD6BDE00F71858 /* iOS */ = {
			isa = PBXGroup;
			children = (
				A0CDA08F1EBD6BDE00F71858 /* AppDelegate.swift */,
				A0CDA0911EBD6BDE00F71858 /* GameViewController.swift */,
				A0CDA0931EBD6BDE00F71858 /* Main.storyboard */,
				A0CDA0961EBD6BDE00F71858 /* LaunchScreen.storyboard */,
				A0CDA0991EBD6BDE00F71858 /* Info.plist */,
			);
			path = iOS;
			sourceTree = "<group>";
		};
		A0CDA0A01EBD6BDE00F71858 /* watchOS App */ = {
			isa = PBXGroup;
			children = (
				A0CDA0A11EBD6BDE00F71858 /* Interface.storyboard */,
				A0CDA0A41EBD6BDE00F71858 /* Info.plist */,
			);
			path = "watchOS App";
			sourceTree = "<group>";
		};
		A0CDA0AD1EBD6BDE00F71858 /* watchOS Extension */ = {
			isa = PBXGroup;
			children = (
				A0CDA0AE1EBD6BDE00F71858 /* InterfaceController.swift */,
				A0CDA0B01EBD6BDE00F71858 /* ExtensionDelegate.swift */,
				A0CDA0B21EBD6BDE00F71858 /* Info.plist */,
			);
			path = "watchOS Extension";
			sourceTree = "<group>";
		};
		A0CDA0B81EBD6BDE00F71858 /* tvOS */ = {
			isa = PBXGroup;
			children = (
				A0CDA0B91EBD6BDE00F71858 /* AppDelegate.swift */,
				A0CDA0BB1EBD6BDE00F71858 /* GameViewController.swift */,
				A0CDA0BD1EBD6BDE00F71858 /* Main.storyboard */,
				A0CDA0C01EBD6BDE00F71858 /* Info.plist */,
			);
			path = tvOS;
			sourceTree = "<group>";
		};
		A0CDA0C61EBD6BDE00F71858 /* macOS */ = {
			isa = PBXGroup;
			children = (
				A0CDA0C71EBD6BDE00F71858 /* AppDelegate.swift */,
				A0CDA0C91EBD6BDE00F71858 /* GameViewController.swift */,
				A0CDA0CB1EBD6BDE00F71858 /* Main.storyboard */,
				A0CDA0CE1EBD6BDE00F71858 /* Info.plist */,
			);
			path = macOS;
			sourceTree = "<group>";
		};
		A0CDA0F11EBD781B00F71858 /* Shaders */ = {
			isa = PBXGroup;
			children = (
				A0CDA15F1EBFC73400F71858 /* Snippets */,
				A0CDA13B1EBE792200F71858 /* Programs */,
				A0CDA0F21EBD783200F71858 /* Compute.metal */,
				A0CDA0F31EBD783200F71858 /* heightmap.shader */,
				A0CDA0F41EBD783200F71858 /* toon.shader */,
				A0CDA14E1EBEA3C200F71858 /* simplex2D.metal */,
			);
			name = Shaders;
			sourceTree = "<group>";
		};
		A0CDA0FE1EBD78D100F71858 /* Scenes */ = {
			isa = PBXGroup;
			children = (
				A0CDA0FF1EBD78E800F71858 /* TerrestrialScene.swift */,
			);
			name = Scenes;
			sourceTree = "<group>";
		};
		A0CDA1031EBD86F600F71858 /* Objects */ = {
			isa = PBXGroup;
			children = (
				A0CDA1041EBD870600F71858 /* Mesh.swift */,
				A0CDA1051EBD870600F71858 /* MeshProcessor.swift */,
				A0EF6AEB1EC02DCE0002E041 /* CustomCamera.swift */,
			);
			name = Objects;
			sourceTree = "<group>";
		};
		A0CDA1141EBD8FBB00F71858 /* Generators */ = {
			isa = PBXGroup;
			children = (
				A0CDA1151EBD8FCF00F71858 /* TerrainGenerator.swift */,
				A0CDA1521EBEB90E00F71858 /* TerrainTexturizer.swift */,
			);
			name = Generators;
			sourceTree = "<group>";
		};
		A0CDA1191EBD942000F71858 /* Math */ = {
			isa = PBXGroup;
			children = (
				A0CDA11A1EBD942A00F71858 /* Linear Algebra */,
			);
			name = Math;
			sourceTree = "<group>";
		};
		A0CDA11A1EBD942A00F71858 /* Linear Algebra */ = {
			isa = PBXGroup;
			children = (
				A0CDA11B1EBD943D00F71858 /* Basis.swift */,
				A0CDA11C1EBD943D00F71858 /* LinearAlgebra.swift */,
				A0CDA11D1EBD943D00F71858 /* Matrix4.swift */,
				A0CDA11E1EBD943D00F71858 /* Nodes.swift */,
				A0CDA11F1EBD943D00F71858 /* Rotations.swift */,
				A0CDA1201EBD943D00F71858 /* TypeAliases.swift */,
				A0CDA1211EBD943D00F71858 /* Vector3.swift */,
				A0CDA1221EBD943D00F71858 /* Vector4.swift */,
			);
			name = "Linear Algebra";
			sourceTree = "<group>";
		};
		A0CDA13B1EBE792200F71858 /* Programs */ = {
			isa = PBXGroup;
			children = (
				A0CDA14A1EBE893600F71858 /* prog.metal */,
			);
			name = Programs;
			sourceTree = "<group>";
		};
		A0CDA15F1EBFC73400F71858 /* Snippets */ = {
			isa = PBXGroup;
			children = (
				A01BCE801EBFF70F00050FAA /* Arguments */,
				A0CDA1611EBFC76200F71858 /* Body */,
				A0CDA1601EBFC74400F71858 /* Includes */,
			);
			name = Snippets;
			sourceTree = "<group>";
		};
		A0CDA1601EBFC74400F71858 /* Includes */ = {
			isa = PBXGroup;
			children = (
				A0CDA15B1EBFC54A00F71858 /* simplex2D.snip */,
			);
			name = Includes;
			sourceTree = "<group>";
		};
		A0CDA1611EBFC76200F71858 /* Body */ = {
			isa = PBXGroup;
			children = (
				A0CDA1621EBFC7B000F71858 /* terrainSurfaceBody.snip */,
				A0EF6AE71EC020090002E041 /* terrainLightBody.snip */,
			);
			name = Body;
			sourceTree = "<group>";
		};
/* End PBXGroup section */

/* Begin PBXNativeTarget section */
		A0CDA08B1EBD6BDE00F71858 /* iOS */ = {
			isa = PBXNativeTarget;
			buildConfigurationList = A0CDA0E81EBD6BDE00F71858 /* Build configuration list for PBXNativeTarget "iOS" */;
			buildPhases = (
				A0CDA0881EBD6BDE00F71858 /* Sources */,
				A0CDA0891EBD6BDE00F71858 /* Frameworks */,
				A0CDA08A1EBD6BDE00F71858 /* Resources */,
				A0CDA0E71EBD6BDE00F71858 /* Embed Watch Content */,
			);
			buildRules = (
			);
			dependencies = (
				A0CDA09F1EBD6BDE00F71858 /* PBXTargetDependency */,
			);
			name = iOS;
			productName = iOS;
			productReference = A0CDA08C1EBD6BDE00F71858 /* TerrainShader.app */;
			productType = "com.apple.product-type.application";
		};
		A0CDA09B1EBD6BDE00F71858 /* watchOS App */ = {
			isa = PBXNativeTarget;
			buildConfigurationList = A0CDA0E41EBD6BDE00F71858 /* Build configuration list for PBXNativeTarget "watchOS App" */;
			buildPhases = (
				A0CDA09A1EBD6BDE00F71858 /* Resources */,
				A0CDA0E31EBD6BDE00F71858 /* Embed App Extensions */,
			);
			buildRules = (
			);
			dependencies = (
				A0CDA0AC1EBD6BDE00F71858 /* PBXTargetDependency */,
			);
			name = "watchOS App";
			productName = "watchOS App";
			productReference = A0CDA09C1EBD6BDE00F71858 /* TerrainShader.app */;
			productType = "com.apple.product-type.application.watchapp2";
		};
		A0CDA0A81EBD6BDE00F71858 /* watchOS Extension */ = {
			isa = PBXNativeTarget;
			buildConfigurationList = A0CDA0E01EBD6BDE00F71858 /* Build configuration list for PBXNativeTarget "watchOS Extension" */;
			buildPhases = (
				A0CDA0A51EBD6BDE00F71858 /* Sources */,
				A0CDA0A61EBD6BDE00F71858 /* Frameworks */,
				A0CDA0A71EBD6BDE00F71858 /* Resources */,
			);
			buildRules = (
			);
			dependencies = (
			);
			name = "watchOS Extension";
			productName = "watchOS Extension";
			productReference = A0CDA0A91EBD6BDE00F71858 /* TerrainShader Extension.appex */;
			productType = "com.apple.product-type.watchkit2-extension";
		};
		A0CDA0B61EBD6BDE00F71858 /* tvOS */ = {
			isa = PBXNativeTarget;
			buildConfigurationList = A0CDA0EB1EBD6BDE00F71858 /* Build configuration list for PBXNativeTarget "tvOS" */;
			buildPhases = (
				A0CDA0B31EBD6BDE00F71858 /* Sources */,
				A0CDA0B41EBD6BDE00F71858 /* Frameworks */,
				A0CDA0B51EBD6BDE00F71858 /* Resources */,
			);
			buildRules = (
			);
			dependencies = (
			);
			name = tvOS;
			productName = tvOS;
			productReference = A0CDA0B71EBD6BDE00F71858 /* TerrainShader.app */;
			productType = "com.apple.product-type.application";
		};
		A0CDA0C41EBD6BDE00F71858 /* macOS */ = {
			isa = PBXNativeTarget;
			buildConfigurationList = A0CDA0EE1EBD6BDE00F71858 /* Build configuration list for PBXNativeTarget "macOS" */;
			buildPhases = (
				A0CDA0C11EBD6BDE00F71858 /* Sources */,
				A0CDA0C21EBD6BDE00F71858 /* Frameworks */,
				A0CDA0C31EBD6BDE00F71858 /* Resources */,
			);
			buildRules = (
			);
			dependencies = (
			);
			name = macOS;
			productName = macOS;
			productReference = A0CDA0C51EBD6BDE00F71858 /* TerrainShader.app */;
			productType = "com.apple.product-type.application";
		};
/* End PBXNativeTarget section */

/* Begin PBXProject section */
		A0CDA07F1EBD6BDE00F71858 /* Project object */ = {
			isa = PBXProject;
			attributes = {
				LastSwiftUpdateCheck = 0830;
				LastUpgradeCheck = 0830;
				ORGANIZATIONNAME = "Jacob Martin";
				TargetAttributes = {
					A0CDA08B1EBD6BDE00F71858 = {
						CreatedOnToolsVersion = 8.3.1;
						DevelopmentTeam = BCYSH9FU9P;
						ProvisioningStyle = Automatic;
					};
					A0CDA09B1EBD6BDE00F71858 = {
						CreatedOnToolsVersion = 8.3.1;
						DevelopmentTeam = BCYSH9FU9P;
						ProvisioningStyle = Automatic;
					};
					A0CDA0A81EBD6BDE00F71858 = {
						CreatedOnToolsVersion = 8.3.1;
						DevelopmentTeam = BCYSH9FU9P;
						ProvisioningStyle = Automatic;
					};
					A0CDA0B61EBD6BDE00F71858 = {
						CreatedOnToolsVersion = 8.3.1;
						DevelopmentTeam = BCYSH9FU9P;
						ProvisioningStyle = Automatic;
					};
					A0CDA0C41EBD6BDE00F71858 = {
						CreatedOnToolsVersion = 8.3.1;
						DevelopmentTeam = BCYSH9FU9P;
						ProvisioningStyle = Automatic;
					};
				};
			};
			buildConfigurationList = A0CDA0821EBD6BDE00F71858 /* Build configuration list for PBXProject "TerrainShader" */;
			compatibilityVersion = "Xcode 3.2";
			developmentRegion = English;
			hasScannedForEncodings = 0;
			knownRegions = (
				en,
				Base,
			);
			mainGroup = A0CDA07E1EBD6BDE00F71858;
			productRefGroup = A0CDA08D1EBD6BDE00F71858 /* Products */;
			projectDirPath = "";
			projectRoot = "";
			targets = (
				A0CDA08B1EBD6BDE00F71858 /* iOS */,
				A0CDA09B1EBD6BDE00F71858 /* watchOS App */,
				A0CDA0A81EBD6BDE00F71858 /* watchOS Extension */,
				A0CDA0B61EBD6BDE00F71858 /* tvOS */,
				A0CDA0C41EBD6BDE00F71858 /* macOS */,
			);
		};
/* End PBXProject section */

/* Begin PBXResourcesBuildPhase section */
		A0CDA08A1EBD6BDE00F71858 /* Resources */ = {
			isa = PBXResourcesBuildPhase;
			buildActionMask = 2147483647;
			files = (
				A0CDA0951EBD6BDE00F71858 /* Main.storyboard in Resources */,
				A0CDA1631EBFC7B000F71858 /* terrainSurfaceBody.snip in Resources */,
				A0CDA0F81EBD783200F71858 /* heightmap.shader in Resources */,
				A0CDA0981EBD6BDE00F71858 /* LaunchScreen.storyboard in Resources */,
				A01BCE7D1EBFF70900050FAA /* terrainSurfaceArgs.snip in Resources */,
				A0CDA0FB1EBD783200F71858 /* toon.shader in Resources */,
				A0EF6AE81EC020090002E041 /* terrainLightBody.snip in Resources */,
				A0CDA15C1EBFC54A00F71858 /* simplex2D.snip in Resources */,
				A0CDA0DA1EBD6BDE00F71858 /* Assets.xcassets in Resources */,
			);
			runOnlyForDeploymentPostprocessing = 0;
		};
		A0CDA09A1EBD6BDE00F71858 /* Resources */ = {
			isa = PBXResourcesBuildPhase;
			buildActionMask = 2147483647;
			files = (
				A0CDA0DB1EBD6BDE00F71858 /* Assets.xcassets in Resources */,
				A0CDA0A31EBD6BDE00F71858 /* Interface.storyboard in Resources */,
			);
			runOnlyForDeploymentPostprocessing = 0;
		};
		A0CDA0A71EBD6BDE00F71858 /* Resources */ = {
			isa = PBXResourcesBuildPhase;
			buildActionMask = 2147483647;
			files = (
			);
			runOnlyForDeploymentPostprocessing = 0;
		};
		A0CDA0B51EBD6BDE00F71858 /* Resources */ = {
			isa = PBXResourcesBuildPhase;
			buildActionMask = 2147483647;
			files = (
				A0CDA0BF1EBD6BDE00F71858 /* Main.storyboard in Resources */,
				A0CDA0FC1EBD783200F71858 /* toon.shader in Resources */,
				A0CDA0F91EBD783200F71858 /* heightmap.shader in Resources */,
				A01BCE7E1EBFF70900050FAA /* terrainSurfaceArgs.snip in Resources */,
				A0CDA0DC1EBD6BDE00F71858 /* Assets.xcassets in Resources */,
				A0CDA1641EBFC7B000F71858 /* terrainSurfaceBody.snip in Resources */,
				A0EF6AE91EC020090002E041 /* terrainLightBody.snip in Resources */,
				A0CDA15D1EBFC54A00F71858 /* simplex2D.snip in Resources */,
			);
			runOnlyForDeploymentPostprocessing = 0;
		};
		A0CDA0C31EBD6BDE00F71858 /* Resources */ = {
			isa = PBXResourcesBuildPhase;
			buildActionMask = 2147483647;
			files = (
				A0CDA0CD1EBD6BDE00F71858 /* Main.storyboard in Resources */,
				A0CDA0FD1EBD783200F71858 /* toon.shader in Resources */,
				A0CDA0FA1EBD783200F71858 /* heightmap.shader in Resources */,
				A01BCE7F1EBFF70900050FAA /* terrainSurfaceArgs.snip in Resources */,
				A0CDA0DD1EBD6BDE00F71858 /* Assets.xcassets in Resources */,
				A0CDA1651EBFC7B000F71858 /* terrainSurfaceBody.snip in Resources */,
				A0EF6AEA1EC020090002E041 /* terrainLightBody.snip in Resources */,
				A0CDA15E1EBFC54A00F71858 /* simplex2D.snip in Resources */,
			);
			runOnlyForDeploymentPostprocessing = 0;
		};
/* End PBXResourcesBuildPhase section */

/* Begin PBXSourcesBuildPhase section */
		A0CDA0881EBD6BDE00F71858 /* Sources */ = {
			isa = PBXSourcesBuildPhase;
			buildActionMask = 2147483647;
			files = (
				A0CDA14F1EBEA3C200F71858 /* simplex2D.metal in Sources */,
				A0CDA1381EBD943D00F71858 /* Vector4.swift in Sources */,
				A0CDA1261EBD943D00F71858 /* LinearAlgebra.swift in Sources */,
				A0CDA1071EBD870600F71858 /* Mesh.swift in Sources */,
				A0CDA14B1EBE893600F71858 /* prog.metal in Sources */,
				A0CDA1321EBD943D00F71858 /* TypeAliases.swift in Sources */,
				A0CDA12F1EBD943D00F71858 /* Rotations.swift in Sources */,
				A0CDA12C1EBD943D00F71858 /* Nodes.swift in Sources */,
				A0CDA1531EBEB90E00F71858 /* TerrainTexturizer.swift in Sources */,
				A0CDA1001EBD78E800F71858 /* TerrestrialScene.swift in Sources */,
				A0CDA1111EBD8E0D00F71858 /* Types.swift in Sources */,
				A0CDA1291EBD943D00F71858 /* Matrix4.swift in Sources */,
				A0CDA1231EBD943D00F71858 /* Basis.swift in Sources */,
				A0CDA0921EBD6BDE00F71858 /* GameViewController.swift in Sources */,
				A0CDA0901EBD6BDE00F71858 /* AppDelegate.swift in Sources */,
				A0CDA1581EBFB42A00F71858 /* ShaderGenerator.swift in Sources */,
				A0EF6AEC1EC02DCE0002E041 /* CustomCamera.swift in Sources */,
				A0CDA0F51EBD783200F71858 /* Compute.metal in Sources */,
				A0CDA10A1EBD870600F71858 /* MeshProcessor.swift in Sources */,
				A0CDA1351EBD943D00F71858 /* Vector3.swift in Sources */,
				A0CDA1161EBD8FCF00F71858 /* TerrainGenerator.swift in Sources */,
			);
			runOnlyForDeploymentPostprocessing = 0;
		};
		A0CDA0A51EBD6BDE00F71858 /* Sources */ = {
			isa = PBXSourcesBuildPhase;
			buildActionMask = 2147483647;
			files = (
				A0CDA0B11EBD6BDE00F71858 /* ExtensionDelegate.swift in Sources */,
				A0CDA0AF1EBD6BDE00F71858 /* InterfaceController.swift in Sources */,
			);
			runOnlyForDeploymentPostprocessing = 0;
		};
		A0CDA0B31EBD6BDE00F71858 /* Sources */ = {
			isa = PBXSourcesBuildPhase;
			buildActionMask = 2147483647;
			files = (
				A0CDA1501EBEA3C200F71858 /* simplex2D.metal in Sources */,
				A0CDA1391EBD943D00F71858 /* Vector4.swift in Sources */,
				A0CDA1271EBD943D00F71858 /* LinearAlgebra.swift in Sources */,
				A0CDA1081EBD870600F71858 /* Mesh.swift in Sources */,
				A0CDA14C1EBE893600F71858 /* prog.metal in Sources */,
				A0CDA1331EBD943D00F71858 /* TypeAliases.swift in Sources */,
				A0CDA1301EBD943D00F71858 /* Rotations.swift in Sources */,
				A0CDA12D1EBD943D00F71858 /* Nodes.swift in Sources */,
				A0CDA1541EBEB90E00F71858 /* TerrainTexturizer.swift in Sources */,
				A0CDA1011EBD78E800F71858 /* TerrestrialScene.swift in Sources */,
				A0CDA1121EBD8E0D00F71858 /* Types.swift in Sources */,
				A0CDA12A1EBD943D00F71858 /* Matrix4.swift in Sources */,
				A0CDA1241EBD943D00F71858 /* Basis.swift in Sources */,
				A0CDA0BC1EBD6BDE00F71858 /* GameViewController.swift in Sources */,
				A0CDA0BA1EBD6BDE00F71858 /* AppDelegate.swift in Sources */,
				A0CDA1591EBFB42A00F71858 /* ShaderGenerator.swift in Sources */,
				A0EF6AED1EC02DCE0002E041 /* CustomCamera.swift in Sources */,
				A0CDA0F61EBD783200F71858 /* Compute.metal in Sources */,
				A0CDA10B1EBD870600F71858 /* MeshProcessor.swift in Sources */,
				A0CDA1361EBD943D00F71858 /* Vector3.swift in Sources */,
				A0CDA1171EBD8FCF00F71858 /* TerrainGenerator.swift in Sources */,
			);
			runOnlyForDeploymentPostprocessing = 0;
		};
		A0CDA0C11EBD6BDE00F71858 /* Sources */ = {
			isa = PBXSourcesBuildPhase;
			buildActionMask = 2147483647;
			files = (
				A0CDA1511EBEA3C200F71858 /* simplex2D.metal in Sources */,
				A0CDA13A1EBD943D00F71858 /* Vector4.swift in Sources */,
				A0CDA1281EBD943D00F71858 /* LinearAlgebra.swift in Sources */,
				A0CDA1091EBD870600F71858 /* Mesh.swift in Sources */,
				A0CDA14D1EBE893600F71858 /* prog.metal in Sources */,
				A0CDA1341EBD943D00F71858 /* TypeAliases.swift in Sources */,
				A0CDA1311EBD943D00F71858 /* Rotations.swift in Sources */,
				A0CDA12E1EBD943D00F71858 /* Nodes.swift in Sources */,
				A0CDA1551EBEB90E00F71858 /* TerrainTexturizer.swift in Sources */,
				A0CDA1021EBD78E800F71858 /* TerrestrialScene.swift in Sources */,
				A0CDA1131EBD8E0D00F71858 /* Types.swift in Sources */,
				A0CDA12B1EBD943D00F71858 /* Matrix4.swift in Sources */,
				A0CDA1251EBD943D00F71858 /* Basis.swift in Sources */,
				A0CDA0CA1EBD6BDE00F71858 /* GameViewController.swift in Sources */,
				A0CDA0C81EBD6BDE00F71858 /* AppDelegate.swift in Sources */,
				A0CDA15A1EBFB42A00F71858 /* ShaderGenerator.swift in Sources */,
				A0EF6AEE1EC02DCE0002E041 /* CustomCamera.swift in Sources */,
				A0CDA0F71EBD783200F71858 /* Compute.metal in Sources */,
				A0CDA10C1EBD870600F71858 /* MeshProcessor.swift in Sources */,
				A0CDA1371EBD943D00F71858 /* Vector3.swift in Sources */,
				A0CDA1181EBD8FCF00F71858 /* TerrainGenerator.swift in Sources */,
			);
			runOnlyForDeploymentPostprocessing = 0;
		};
/* End PBXSourcesBuildPhase section */

/* Begin PBXTargetDependency section */
		A0CDA09F1EBD6BDE00F71858 /* PBXTargetDependency */ = {
			isa = PBXTargetDependency;
			target = A0CDA09B1EBD6BDE00F71858 /* watchOS App */;
			targetProxy = A0CDA09E1EBD6BDE00F71858 /* PBXContainerItemProxy */;
		};
		A0CDA0AC1EBD6BDE00F71858 /* PBXTargetDependency */ = {
			isa = PBXTargetDependency;
			target = A0CDA0A81EBD6BDE00F71858 /* watchOS Extension */;
			targetProxy = A0CDA0AB1EBD6BDE00F71858 /* PBXContainerItemProxy */;
		};
/* End PBXTargetDependency section */

/* Begin PBXVariantGroup section */
		A0CDA0931EBD6BDE00F71858 /* Main.storyboard */ = {
			isa = PBXVariantGroup;
			children = (
				A0CDA0941EBD6BDE00F71858 /* Base */,
			);
			name = Main.storyboard;
			sourceTree = "<group>";
		};
		A0CDA0961EBD6BDE00F71858 /* LaunchScreen.storyboard */ = {
			isa = PBXVariantGroup;
			children = (
				A0CDA0971EBD6BDE00F71858 /* Base */,
			);
			name = LaunchScreen.storyboard;
			sourceTree = "<group>";
		};
		A0CDA0A11EBD6BDE00F71858 /* Interface.storyboard */ = {
			isa = PBXVariantGroup;
			children = (
				A0CDA0A21EBD6BDE00F71858 /* Base */,
			);
			name = Interface.storyboard;
			sourceTree = "<group>";
		};
		A0CDA0BD1EBD6BDE00F71858 /* Main.storyboard */ = {
			isa = PBXVariantGroup;
			children = (
				A0CDA0BE1EBD6BDE00F71858 /* Base */,
			);
			name = Main.storyboard;
			sourceTree = "<group>";
		};
		A0CDA0CB1EBD6BDE00F71858 /* Main.storyboard */ = {
			isa = PBXVariantGroup;
			children = (
				A0CDA0CC1EBD6BDE00F71858 /* Base */,
			);
			name = Main.storyboard;
			sourceTree = "<group>";
		};
/* End PBXVariantGroup section */

/* Begin XCBuildConfiguration section */
		A0CDA0DE1EBD6BDE00F71858 /* Debug */ = {
			isa = XCBuildConfiguration;
			buildSettings = {
				ALWAYS_SEARCH_USER_PATHS = NO;
				CLANG_ANALYZER_NONNULL = YES;
				CLANG_ANALYZER_NUMBER_OBJECT_CONVERSION = YES_AGGRESSIVE;
				CLANG_CXX_LANGUAGE_STANDARD = "gnu++0x";
				CLANG_CXX_LIBRARY = "libc++";
				CLANG_ENABLE_MODULES = YES;
				CLANG_ENABLE_OBJC_ARC = YES;
				CLANG_WARN_BOOL_CONVERSION = YES;
				CLANG_WARN_CONSTANT_CONVERSION = YES;
				CLANG_WARN_DIRECT_OBJC_ISA_USAGE = YES_ERROR;
				CLANG_WARN_DOCUMENTATION_COMMENTS = YES;
				CLANG_WARN_EMPTY_BODY = YES;
				CLANG_WARN_ENUM_CONVERSION = YES;
				CLANG_WARN_INFINITE_RECURSION = YES;
				CLANG_WARN_INT_CONVERSION = YES;
				CLANG_WARN_OBJC_ROOT_CLASS = YES_ERROR;
				CLANG_WARN_SUSPICIOUS_MOVE = YES;
				CLANG_WARN_UNREACHABLE_CODE = YES;
				CLANG_WARN__DUPLICATE_METHOD_MATCH = YES;
				COPY_PHASE_STRIP = NO;
				DEBUG_INFORMATION_FORMAT = dwarf;
				ENABLE_STRICT_OBJC_MSGSEND = YES;
				ENABLE_TESTABILITY = YES;
				GCC_C_LANGUAGE_STANDARD = gnu99;
				GCC_DYNAMIC_NO_PIC = NO;
				GCC_NO_COMMON_BLOCKS = YES;
				GCC_OPTIMIZATION_LEVEL = 0;
				GCC_PREPROCESSOR_DEFINITIONS = (
					"DEBUG=1",
					"$(inherited)",
				);
				GCC_WARN_64_TO_32_BIT_CONVERSION = YES;
				GCC_WARN_ABOUT_RETURN_TYPE = YES_ERROR;
				GCC_WARN_UNDECLARED_SELECTOR = YES;
				GCC_WARN_UNINITIALIZED_AUTOS = YES_AGGRESSIVE;
				GCC_WARN_UNUSED_FUNCTION = YES;
				GCC_WARN_UNUSED_VARIABLE = YES;
				MTL_ENABLE_DEBUG_INFO = YES;
				ONLY_ACTIVE_ARCH = YES;
				SWIFT_ACTIVE_COMPILATION_CONDITIONS = DEBUG;
				SWIFT_OPTIMIZATION_LEVEL = "-Onone";
			};
			name = Debug;
		};
		A0CDA0DF1EBD6BDE00F71858 /* Release */ = {
			isa = XCBuildConfiguration;
			buildSettings = {
				ALWAYS_SEARCH_USER_PATHS = NO;
				CLANG_ANALYZER_NONNULL = YES;
				CLANG_ANALYZER_NUMBER_OBJECT_CONVERSION = YES_AGGRESSIVE;
				CLANG_CXX_LANGUAGE_STANDARD = "gnu++0x";
				CLANG_CXX_LIBRARY = "libc++";
				CLANG_ENABLE_MODULES = YES;
				CLANG_ENABLE_OBJC_ARC = YES;
				CLANG_WARN_BOOL_CONVERSION = YES;
				CLANG_WARN_CONSTANT_CONVERSION = YES;
				CLANG_WARN_DIRECT_OBJC_ISA_USAGE = YES_ERROR;
				CLANG_WARN_DOCUMENTATION_COMMENTS = YES;
				CLANG_WARN_EMPTY_BODY = YES;
				CLANG_WARN_ENUM_CONVERSION = YES;
				CLANG_WARN_INFINITE_RECURSION = YES;
				CLANG_WARN_INT_CONVERSION = YES;
				CLANG_WARN_OBJC_ROOT_CLASS = YES_ERROR;
				CLANG_WARN_SUSPICIOUS_MOVE = YES;
				CLANG_WARN_UNREACHABLE_CODE = YES;
				CLANG_WARN__DUPLICATE_METHOD_MATCH = YES;
				COPY_PHASE_STRIP = NO;
				DEBUG_INFORMATION_FORMAT = "dwarf-with-dsym";
				ENABLE_NS_ASSERTIONS = NO;
				ENABLE_STRICT_OBJC_MSGSEND = YES;
				GCC_C_LANGUAGE_STANDARD = gnu99;
				GCC_NO_COMMON_BLOCKS = YES;
				GCC_WARN_64_TO_32_BIT_CONVERSION = YES;
				GCC_WARN_ABOUT_RETURN_TYPE = YES_ERROR;
				GCC_WARN_UNDECLARED_SELECTOR = YES;
				GCC_WARN_UNINITIALIZED_AUTOS = YES_AGGRESSIVE;
				GCC_WARN_UNUSED_FUNCTION = YES;
				GCC_WARN_UNUSED_VARIABLE = YES;
				MTL_ENABLE_DEBUG_INFO = NO;
				SWIFT_OPTIMIZATION_LEVEL = "-Owholemodule";
			};
			name = Release;
		};
		A0CDA0E11EBD6BDE00F71858 /* Debug */ = {
			isa = XCBuildConfiguration;
			buildSettings = {
				DEVELOPMENT_TEAM = BCYSH9FU9P;
				INFOPLIST_FILE = "watchOS Extension/Info.plist";
				LD_RUNPATH_SEARCH_PATHS = "$(inherited) @executable_path/Frameworks @executable_path/../../Frameworks";
				PRODUCT_BUNDLE_IDENTIFIER = JJM.TerrainShader.watchkitapp.watchkitextension;
				PRODUCT_NAME = "TerrainShader Extension";
				SDKROOT = watchos;
				SKIP_INSTALL = YES;
				SWIFT_VERSION = 3.0;
				WATCHOS_DEPLOYMENT_TARGET = 3.2;
			};
			name = Debug;
		};
		A0CDA0E21EBD6BDE00F71858 /* Release */ = {
			isa = XCBuildConfiguration;
			buildSettings = {
				DEVELOPMENT_TEAM = BCYSH9FU9P;
				INFOPLIST_FILE = "watchOS Extension/Info.plist";
				LD_RUNPATH_SEARCH_PATHS = "$(inherited) @executable_path/Frameworks @executable_path/../../Frameworks";
				PRODUCT_BUNDLE_IDENTIFIER = JJM.TerrainShader.watchkitapp.watchkitextension;
				PRODUCT_NAME = "TerrainShader Extension";
				SDKROOT = watchos;
				SKIP_INSTALL = YES;
				SWIFT_VERSION = 3.0;
				VALIDATE_PRODUCT = YES;
				WATCHOS_DEPLOYMENT_TARGET = 3.2;
			};
			name = Release;
		};
		A0CDA0E51EBD6BDE00F71858 /* Debug */ = {
			isa = XCBuildConfiguration;
			buildSettings = {
				ALWAYS_EMBED_SWIFT_STANDARD_LIBRARIES = YES;
				ASSETCATALOG_COMPILER_APPICON_NAME = AppIcon;
				DEVELOPMENT_TEAM = BCYSH9FU9P;
				IBSC_MODULE = TerrainShader_Extension;
				INFOPLIST_FILE = "watchOS App/Info.plist";
				PRODUCT_BUNDLE_IDENTIFIER = JJM.TerrainShader.watchkitapp;
				PRODUCT_NAME = TerrainShader;
				SDKROOT = watchos;
				SKIP_INSTALL = YES;
				SWIFT_VERSION = 3.0;
				WATCHOS_DEPLOYMENT_TARGET = 3.2;
			};
			name = Debug;
		};
		A0CDA0E61EBD6BDE00F71858 /* Release */ = {
			isa = XCBuildConfiguration;
			buildSettings = {
				ALWAYS_EMBED_SWIFT_STANDARD_LIBRARIES = YES;
				ASSETCATALOG_COMPILER_APPICON_NAME = AppIcon;
				DEVELOPMENT_TEAM = BCYSH9FU9P;
				IBSC_MODULE = TerrainShader_Extension;
				INFOPLIST_FILE = "watchOS App/Info.plist";
				PRODUCT_BUNDLE_IDENTIFIER = JJM.TerrainShader.watchkitapp;
				PRODUCT_NAME = TerrainShader;
				SDKROOT = watchos;
				SKIP_INSTALL = YES;
				SWIFT_VERSION = 3.0;
				VALIDATE_PRODUCT = YES;
				WATCHOS_DEPLOYMENT_TARGET = 3.2;
			};
			name = Release;
		};
		A0CDA0E91EBD6BDE00F71858 /* Debug */ = {
			isa = XCBuildConfiguration;
			buildSettings = {
				ASSETCATALOG_COMPILER_APPICON_NAME = AppIcon;
				"CODE_SIGN_IDENTITY[sdk=iphoneos*]" = "iPhone Developer";
				DEVELOPMENT_TEAM = BCYSH9FU9P;
				INFOPLIST_FILE = iOS/Info.plist;
				IPHONEOS_DEPLOYMENT_TARGET = 10.3;
				LD_RUNPATH_SEARCH_PATHS = "$(inherited) @executable_path/Frameworks";
				PRODUCT_BUNDLE_IDENTIFIER = JJM.TerrainShader;
				PRODUCT_NAME = TerrainShader;
				SDKROOT = iphoneos;
				SWIFT_VERSION = 3.0;
				TARGETED_DEVICE_FAMILY = "1,2";
			};
			name = Debug;
		};
		A0CDA0EA1EBD6BDE00F71858 /* Release */ = {
			isa = XCBuildConfiguration;
			buildSettings = {
				ASSETCATALOG_COMPILER_APPICON_NAME = AppIcon;
				"CODE_SIGN_IDENTITY[sdk=iphoneos*]" = "iPhone Developer";
				DEVELOPMENT_TEAM = BCYSH9FU9P;
				INFOPLIST_FILE = iOS/Info.plist;
				IPHONEOS_DEPLOYMENT_TARGET = 10.3;
				LD_RUNPATH_SEARCH_PATHS = "$(inherited) @executable_path/Frameworks";
				PRODUCT_BUNDLE_IDENTIFIER = JJM.TerrainShader;
				PRODUCT_NAME = TerrainShader;
				SDKROOT = iphoneos;
				SWIFT_VERSION = 3.0;
				TARGETED_DEVICE_FAMILY = "1,2";
				VALIDATE_PRODUCT = YES;
			};
			name = Release;
		};
		A0CDA0EC1EBD6BDE00F71858 /* Debug */ = {
			isa = XCBuildConfiguration;
			buildSettings = {
				ASSETCATALOG_COMPILER_APPICON_NAME = "tvOS App Icon & Top Shelf Image";
				ASSETCATALOG_COMPILER_LAUNCHIMAGE_NAME = "tvOS LaunchImage";
				DEVELOPMENT_TEAM = BCYSH9FU9P;
				INFOPLIST_FILE = tvOS/Info.plist;
				LD_RUNPATH_SEARCH_PATHS = "$(inherited) @executable_path/Frameworks";
				PRODUCT_BUNDLE_IDENTIFIER = JJM.TerrainShader;
				PRODUCT_NAME = TerrainShader;
				SDKROOT = appletvos;
				SWIFT_VERSION = 3.0;
				TVOS_DEPLOYMENT_TARGET = 10.2;
			};
			name = Debug;
		};
		A0CDA0ED1EBD6BDE00F71858 /* Release */ = {
			isa = XCBuildConfiguration;
			buildSettings = {
				ASSETCATALOG_COMPILER_APPICON_NAME = "tvOS App Icon & Top Shelf Image";
				ASSETCATALOG_COMPILER_LAUNCHIMAGE_NAME = "tvOS LaunchImage";
				DEVELOPMENT_TEAM = BCYSH9FU9P;
				INFOPLIST_FILE = tvOS/Info.plist;
				LD_RUNPATH_SEARCH_PATHS = "$(inherited) @executable_path/Frameworks";
				PRODUCT_BUNDLE_IDENTIFIER = JJM.TerrainShader;
				PRODUCT_NAME = TerrainShader;
				SDKROOT = appletvos;
				SWIFT_VERSION = 3.0;
				TVOS_DEPLOYMENT_TARGET = 10.2;
				VALIDATE_PRODUCT = YES;
			};
			name = Release;
		};
		A0CDA0EF1EBD6BDE00F71858 /* Debug */ = {
			isa = XCBuildConfiguration;
			buildSettings = {
				ASSETCATALOG_COMPILER_APPICON_NAME = AppIcon;
				CODE_SIGN_IDENTITY = "-";
				COMBINE_HIDPI_IMAGES = YES;
				DEVELOPMENT_TEAM = BCYSH9FU9P;
				INFOPLIST_FILE = macOS/Info.plist;
				LD_RUNPATH_SEARCH_PATHS = "$(inherited) @executable_path/../Frameworks";
				MACOSX_DEPLOYMENT_TARGET = 10.12;
				PRODUCT_BUNDLE_IDENTIFIER = JJM.TerrainShader;
				PRODUCT_NAME = TerrainShader;
				SDKROOT = macosx;
				SWIFT_VERSION = 3.0;
			};
			name = Debug;
		};
		A0CDA0F01EBD6BDE00F71858 /* Release */ = {
			isa = XCBuildConfiguration;
			buildSettings = {
				ASSETCATALOG_COMPILER_APPICON_NAME = AppIcon;
				CODE_SIGN_IDENTITY = "-";
				COMBINE_HIDPI_IMAGES = YES;
				DEVELOPMENT_TEAM = BCYSH9FU9P;
				INFOPLIST_FILE = macOS/Info.plist;
				LD_RUNPATH_SEARCH_PATHS = "$(inherited) @executable_path/../Frameworks";
				MACOSX_DEPLOYMENT_TARGET = 10.12;
				PRODUCT_BUNDLE_IDENTIFIER = JJM.TerrainShader;
				PRODUCT_NAME = TerrainShader;
				SDKROOT = macosx;
				SWIFT_VERSION = 3.0;
			};
			name = Release;
		};
/* End XCBuildConfiguration section */

/* Begin XCConfigurationList section */
		A0CDA0821EBD6BDE00F71858 /* Build configuration list for PBXProject "TerrainShader" */ = {
			isa = XCConfigurationList;
			buildConfigurations = (
				A0CDA0DE1EBD6BDE00F71858 /* Debug */,
				A0CDA0DF1EBD6BDE00F71858 /* Release */,
			);
			defaultConfigurationIsVisible = 0;
			defaultConfigurationName = Release;
		};
		A0CDA0E01EBD6BDE00F71858 /* Build configuration list for PBXNativeTarget "watchOS Extension" */ = {
			isa = XCConfigurationList;
			buildConfigurations = (
				A0CDA0E11EBD6BDE00F71858 /* Debug */,
				A0CDA0E21EBD6BDE00F71858 /* Release */,
			);
			defaultConfigurationIsVisible = 0;
			defaultConfigurationName = Release;
		};
		A0CDA0E41EBD6BDE00F71858 /* Build configuration list for PBXNativeTarget "watchOS App" */ = {
			isa = XCConfigurationList;
			buildConfigurations = (
				A0CDA0E51EBD6BDE00F71858 /* Debug */,
				A0CDA0E61EBD6BDE00F71858 /* Release */,
			);
			defaultConfigurationIsVisible = 0;
			defaultConfigurationName = Release;
		};
		A0CDA0E81EBD6BDE00F71858 /* Build configuration list for PBXNativeTarget "iOS" */ = {
			isa = XCConfigurationList;
			buildConfigurations = (
				A0CDA0E91EBD6BDE00F71858 /* Debug */,
				A0CDA0EA1EBD6BDE00F71858 /* Release */,
			);
			defaultConfigurationIsVisible = 0;
			defaultConfigurationName = Release;
		};
		A0CDA0EB1EBD6BDE00F71858 /* Build configuration list for PBXNativeTarget "tvOS" */ = {
			isa = XCConfigurationList;
			buildConfigurations = (
				A0CDA0EC1EBD6BDE00F71858 /* Debug */,
				A0CDA0ED1EBD6BDE00F71858 /* Release */,
			);
			defaultConfigurationIsVisible = 0;
			defaultConfigurationName = Release;
		};
		A0CDA0EE1EBD6BDE00F71858 /* Build configuration list for PBXNativeTarget "macOS" */ = {
			isa = XCConfigurationList;
			buildConfigurations = (
				A0CDA0EF1EBD6BDE00F71858 /* Debug */,
				A0CDA0F01EBD6BDE00F71858 /* Release */,
			);
			defaultConfigurationIsVisible = 0;
			defaultConfigurationName = Release;
		};
/* End XCConfigurationList section */
	};
	rootObject = A0CDA07F1EBD6BDE00F71858 /* Project object */;
}
